
Microsoft Visual Studio Solution File, Format Version 12.00
Project("{FAE04EC0-301F-11D3-BF4B-00C04F79EFBC}") = "WebGUI", "WebGUI\WebGUI.csproj", "{618C3AB9-3623-46CF-888F-CB5B60D701F5}"
EndProject
Project("{FAE04EC0-301F-11D3-BF4B-00C04F79EFBC}") = "Model", "Model\Model.csproj", "{E8F3F07F-CB1A-4027-B3C5-D87A6B355B95}"
EndProject
Project("{FAE04EC0-301F-11D3-BF4B-00C04F79EFBC}") = "Domain", "Domain\Domain.csproj", "{78F575A4-5791-492C-B6E5-7DF312869D9D}"
EndProject
Project("{FAE04EC0-301F-11D3-BF4B-00C04F79EFBC}") = "RestApi", "RestApi\RestApi.csproj", "{81ECA0F7-7753-40CE-9A03-1C025B8F4CA0}"
EndProject
Global
	GlobalSection(SolutionConfigurationPlatforms) = preSolution
		Debug|Any CPU = Debug|Any CPU
		Release|Any CPU = Release|Any CPU
	EndGlobalSection
	GlobalSection(ProjectConfigurationPlatforms) = postSolution
		{618C3AB9-3623-46CF-888F-CB5B60D701F5}.Debug|Any CPU.ActiveCfg = Debug|Any CPU
		{618C3AB9-3623-46CF-888F-CB5B60D701F5}.Debug|Any CPU.Build.0 = Debug|Any CPU
		{618C3AB9-3623-46CF-888F-CB5B60D701F5}.Release|Any CPU.ActiveCfg = Release|Any CPU
		{618C3AB9-3623-46CF-888F-CB5B60D701F5}.Release|Any CPU.Build.0 = Release|Any CPU
		{E8F3F07F-CB1A-4027-B3C5-D87A6B355B95}.Debug|Any CPU.ActiveCfg = Debug|Any CPU
		{E8F3F07F-CB1A-4027-B3C5-D87A6B355B95}.Debug|Any CPU.Build.0 = Debug|Any CPU
		{E8F3F07F-CB1A-4027-B3C5-D87A6B355B95}.Release|Any CPU.ActiveCfg = Release|Any CPU
		{E8F3F07F-CB1A-4027-B3C5-D87A6B355B95}.Release|Any CPU.Build.0 = Release|Any CPU
		{78F575A4-5791-492C-B6E5-7DF312869D9D}.Debug|Any CPU.ActiveCfg = Debug|Any CPU
		{78F575A4-5791-492C-B6E5-7DF312869D9D}.Debug|Any CPU.Build.0 = Debug|Any CPU
		{78F575A4-5791-492C-B6E5-7DF312869D9D}.Release|Any CPU.ActiveCfg = Release|Any CPU
		{78F575A4-5791-492C-B6E5-7DF312869D9D}.Release|Any CPU.Build.0 = Release|Any CPU
		{81ECA0F7-7753-40CE-9A03-1C025B8F4CA0}.Debug|Any CPU.ActiveCfg = Debug|Any CPU
		{81ECA0F7-7753-40CE-9A03-1C025B8F4CA0}.Debug|Any CPU.Build.0 = Debug|Any CPU
		{81ECA0F7-7753-40CE-9A03-1C025B8F4CA0}.Release|Any CPU.ActiveCfg = Release|Any CPU
		{81ECA0F7-7753-40CE-9A03-1C025B8F4CA0}.Release|Any CPU.Build.0 = Release|Any CPU
	EndGlobalSection
EndGlobal
